
Microsoft Visual Studio Solution File, Format Version 12.00
# Visual Studio Version 17
VisualStudioVersion = 17.3.32929.385
MinimumVisualStudioVersion = 10.0.40219.1
Project("{9A19103F-16F7-4668-BE54-9A1E7A4F7556}") = "FirstBlazorApp", "FirstBlazorApp.csproj", "{D197F1AC-B37E-454B-873F-7D22FE7E011A}"
EndProject
Global
	GlobalSection(SolutionConfigurationPlatforms) = preSolution
		Debug|Any CPU = Debug|Any CPU
		Release|Any CPU = Release|Any CPU
	EndGlobalSection
	GlobalSection(ProjectConfigurationPlatforms) = postSolution
		{D197F1AC-B37E-454B-873F-7D22FE7E011A}.Debug|Any CPU.ActiveCfg = Debug|Any CPU
		{D197F1AC-B37E-454B-873F-7D22FE7E011A}.Debug|Any CPU.Build.0 = Debug|Any CPU
		{D197F1AC-B37E-454B-873F-7D22FE7E011A}.Release|Any CPU.ActiveCfg = Release|Any CPU
		{D197F1AC-B37E-454B-873F-7D22FE7E011A}.Release|Any CPU.Build.0 = Release|Any CPU
	EndGlobalSection
	GlobalSection(SolutionProperties) = preSolution
		HideSolutionNode = FALSE
	EndGlobalSection
	GlobalSection(ExtensibilityGlobals) = postSolution
		SolutionGuid = {854C63B0-74F1-4D3B-914A-61D44C8AD99D}
	EndGlobalSection
EndGlobal
